
Microsoft Visual Studio Solution File, Format Version 12.00
# Visual Studio Version 16
VisualStudioVersion = 16.0.30523.141
MinimumVisualStudioVersion = 10.0.40219.1
Project("{9A19103F-16F7-4668-BE54-9A1E7A4F7556}") = "FactoryMethod", "CreationalPatterns\FactoryMethod\FactoryMethod.csproj", "{0CA217EA-537C-4F05-8CEC-8C0304F66751}"
EndProject
Project("{2150E333-8FDC-42A3-9474-1A3956D46DE8}") = "CreationalPatterns", "CreationalPatterns", "{34070C68-82F3-4D0D-9F6B-B3A79A0DA944}"
EndProject
Project("{2150E333-8FDC-42A3-9474-1A3956D46DE8}") = "Solution Items", "Solution Items", "{6AAFFA68-6C30-412D-BE07-5340A18670FE}"
	ProjectSection(SolutionItems) = preProject
		.gitignore = .gitignore
	EndProjectSection
EndProject
Project("{9A19103F-16F7-4668-BE54-9A1E7A4F7556}") = "AbstractFactory", "CreationalPatterns\AbstractFactory\AbstractFactory.csproj", "{5B9026E4-BE9E-42E3-AD55-FD724984D615}"
EndProject
Project("{9A19103F-16F7-4668-BE54-9A1E7A4F7556}") = "Builder", "CreationalPatterns\Builder\Builder.csproj", "{17161C74-A503-4623-A56F-7BBD87065EF9}"
EndProject
Project("{9A19103F-16F7-4668-BE54-9A1E7A4F7556}") = "Prototype", "CreationalPatterns\Prototype\Prototype.csproj", "{9D6A68C3-DDFF-4FBC-B7E1-F31BE60FF327}"
EndProject
Project("{9A19103F-16F7-4668-BE54-9A1E7A4F7556}") = "Singleton", "CreationalPatterns\Singleton\Singleton.csproj", "{B8EBA9AE-59C0-4E63-AD7D-95DD4A80130C}"
EndProject
Project("{2150E333-8FDC-42A3-9474-1A3956D46DE8}") = "StructuralPatteerns", "StructuralPatteerns", "{91B21EDC-2EC1-427C-BFBB-D5F41FBFBA3C}"
EndProject
Project("{FAE04EC0-301F-11D3-BF4B-00C04F79EFBC}") = "Adapter", "StructuralPatterns\Adapter\Adapter.csproj", "{7CE596F5-DBBF-43D5-BB57-F1869F567382}"
EndProject
Project("{FAE04EC0-301F-11D3-BF4B-00C04F79EFBC}") = "Bridge", "StructuralPatterns\Bridge\Bridge.csproj", "{31DA6516-471F-4C9F-9134-13AEB4C53AA5}"
EndProject
Project("{FAE04EC0-301F-11D3-BF4B-00C04F79EFBC}") = "Composite", "StructuralPatterns\Composite\Composite.csproj", "{4B2493BD-2225-471A-8793-408BB1BE8E36}"
EndProject
Project("{FAE04EC0-301F-11D3-BF4B-00C04F79EFBC}") = "Decorator", "StructuralPatterns\Decorator\Decorator.csproj", "{0F51A5C1-F8F6-4F81-9673-9336D3D324A3}"
EndProject
Project("{FAE04EC0-301F-11D3-BF4B-00C04F79EFBC}") = "Proxy", "StructuralPatterns\Proxy\Proxy.csproj", "{87FEEA4A-B80C-424A-80E4-1231FD89190B}"
EndProject
Project("{FAE04EC0-301F-11D3-BF4B-00C04F79EFBC}") = "Facade", "StructuralPatterns\Facade\Facade.csproj", "{925AD494-9DE3-4D92-9CA4-7852F4DC712D}"
EndProject
Project("{FAE04EC0-301F-11D3-BF4B-00C04F79EFBC}") = "Flyweight", "StructuralPatterns\Flyweight\Flyweight.csproj", "{B869C03C-4918-4A73-B26F-D5E2EF793145}"
EndProject
Global
	GlobalSection(SolutionConfigurationPlatforms) = preSolution
		Debug|Any CPU = Debug|Any CPU
		Release|Any CPU = Release|Any CPU
	EndGlobalSection
	GlobalSection(ProjectConfigurationPlatforms) = postSolution
		{0CA217EA-537C-4F05-8CEC-8C0304F66751}.Debug|Any CPU.ActiveCfg = Debug|Any CPU
		{0CA217EA-537C-4F05-8CEC-8C0304F66751}.Debug|Any CPU.Build.0 = Debug|Any CPU
		{0CA217EA-537C-4F05-8CEC-8C0304F66751}.Release|Any CPU.ActiveCfg = Release|Any CPU
		{0CA217EA-537C-4F05-8CEC-8C0304F66751}.Release|Any CPU.Build.0 = Release|Any CPU
		{5B9026E4-BE9E-42E3-AD55-FD724984D615}.Debug|Any CPU.ActiveCfg = Debug|Any CPU
		{5B9026E4-BE9E-42E3-AD55-FD724984D615}.Debug|Any CPU.Build.0 = Debug|Any CPU
		{5B9026E4-BE9E-42E3-AD55-FD724984D615}.Release|Any CPU.ActiveCfg = Release|Any CPU
		{5B9026E4-BE9E-42E3-AD55-FD724984D615}.Release|Any CPU.Build.0 = Release|Any CPU
		{17161C74-A503-4623-A56F-7BBD87065EF9}.Debug|Any CPU.ActiveCfg = Debug|Any CPU
		{17161C74-A503-4623-A56F-7BBD87065EF9}.Debug|Any CPU.Build.0 = Debug|Any CPU
		{17161C74-A503-4623-A56F-7BBD87065EF9}.Release|Any CPU.ActiveCfg = Release|Any CPU
		{17161C74-A503-4623-A56F-7BBD87065EF9}.Release|Any CPU.Build.0 = Release|Any CPU
		{9D6A68C3-DDFF-4FBC-B7E1-F31BE60FF327}.Debug|Any CPU.ActiveCfg = Debug|Any CPU
		{9D6A68C3-DDFF-4FBC-B7E1-F31BE60FF327}.Debug|Any CPU.Build.0 = Debug|Any CPU
		{9D6A68C3-DDFF-4FBC-B7E1-F31BE60FF327}.Release|Any CPU.ActiveCfg = Release|Any CPU
		{9D6A68C3-DDFF-4FBC-B7E1-F31BE60FF327}.Release|Any CPU.Build.0 = Release|Any CPU
		{B8EBA9AE-59C0-4E63-AD7D-95DD4A80130C}.Debug|Any CPU.ActiveCfg = Debug|Any CPU
		{B8EBA9AE-59C0-4E63-AD7D-95DD4A80130C}.Debug|Any CPU.Build.0 = Debug|Any CPU
		{B8EBA9AE-59C0-4E63-AD7D-95DD4A80130C}.Release|Any CPU.ActiveCfg = Release|Any CPU
		{B8EBA9AE-59C0-4E63-AD7D-95DD4A80130C}.Release|Any CPU.Build.0 = Release|Any CPU
		{7CE596F5-DBBF-43D5-BB57-F1869F567382}.Debug|Any CPU.ActiveCfg = Debug|Any CPU
		{7CE596F5-DBBF-43D5-BB57-F1869F567382}.Debug|Any CPU.Build.0 = Debug|Any CPU
		{7CE596F5-DBBF-43D5-BB57-F1869F567382}.Release|Any CPU.ActiveCfg = Release|Any CPU
		{7CE596F5-DBBF-43D5-BB57-F1869F567382}.Release|Any CPU.Build.0 = Release|Any CPU
		{31DA6516-471F-4C9F-9134-13AEB4C53AA5}.Debug|Any CPU.ActiveCfg = Debug|Any CPU
		{31DA6516-471F-4C9F-9134-13AEB4C53AA5}.Debug|Any CPU.Build.0 = Debug|Any CPU
		{31DA6516-471F-4C9F-9134-13AEB4C53AA5}.Release|Any CPU.ActiveCfg = Release|Any CPU
		{31DA6516-471F-4C9F-9134-13AEB4C53AA5}.Release|Any CPU.Build.0 = Release|Any CPU
		{4B2493BD-2225-471A-8793-408BB1BE8E36}.Debug|Any CPU.ActiveCfg = Debug|Any CPU
		{4B2493BD-2225-471A-8793-408BB1BE8E36}.Debug|Any CPU.Build.0 = Debug|Any CPU
		{4B2493BD-2225-471A-8793-408BB1BE8E36}.Release|Any CPU.ActiveCfg = Release|Any CPU
		{4B2493BD-2225-471A-8793-408BB1BE8E36}.Release|Any CPU.Build.0 = Release|Any CPU
		{0F51A5C1-F8F6-4F81-9673-9336D3D324A3}.Debug|Any CPU.ActiveCfg = Debug|Any CPU
		{0F51A5C1-F8F6-4F81-9673-9336D3D324A3}.Debug|Any CPU.Build.0 = Debug|Any CPU
		{0F51A5C1-F8F6-4F81-9673-9336D3D324A3}.Release|Any CPU.ActiveCfg = Release|Any CPU
		{0F51A5C1-F8F6-4F81-9673-9336D3D324A3}.Release|Any CPU.Build.0 = Release|Any CPU
		{87FEEA4A-B80C-424A-80E4-1231FD89190B}.Debug|Any CPU.ActiveCfg = Debug|Any CPU
		{87FEEA4A-B80C-424A-80E4-1231FD89190B}.Debug|Any CPU.Build.0 = Debug|Any CPU
		{87FEEA4A-B80C-424A-80E4-1231FD89190B}.Release|Any CPU.ActiveCfg = Release|Any CPU
		{87FEEA4A-B80C-424A-80E4-1231FD89190B}.Release|Any CPU.Build.0 = Release|Any CPU
		{925AD494-9DE3-4D92-9CA4-7852F4DC712D}.Debug|Any CPU.ActiveCfg = Debug|Any CPU
		{925AD494-9DE3-4D92-9CA4-7852F4DC712D}.Debug|Any CPU.Build.0 = Debug|Any CPU
		{925AD494-9DE3-4D92-9CA4-7852F4DC712D}.Release|Any CPU.ActiveCfg = Release|Any CPU
		{925AD494-9DE3-4D92-9CA4-7852F4DC712D}.Release|Any CPU.Build.0 = Release|Any CPU
		{B869C03C-4918-4A73-B26F-D5E2EF793145}.Debug|Any CPU.ActiveCfg = Debug|Any CPU
		{B869C03C-4918-4A73-B26F-D5E2EF793145}.Debug|Any CPU.Build.0 = Debug|Any CPU
		{B869C03C-4918-4A73-B26F-D5E2EF793145}.Release|Any CPU.ActiveCfg = Release|Any CPU
		{B869C03C-4918-4A73-B26F-D5E2EF793145}.Release|Any CPU.Build.0 = Release|Any CPU
	EndGlobalSection
	GlobalSection(SolutionProperties) = preSolution
		HideSolutionNode = FALSE
	EndGlobalSection
	GlobalSection(NestedProjects) = preSolution
		{0CA217EA-537C-4F05-8CEC-8C0304F66751} = {34070C68-82F3-4D0D-9F6B-B3A79A0DA944}
		{5B9026E4-BE9E-42E3-AD55-FD724984D615} = {34070C68-82F3-4D0D-9F6B-B3A79A0DA944}
		{17161C74-A503-4623-A56F-7BBD87065EF9} = {34070C68-82F3-4D0D-9F6B-B3A79A0DA944}
		{9D6A68C3-DDFF-4FBC-B7E1-F31BE60FF327} = {34070C68-82F3-4D0D-9F6B-B3A79A0DA944}
		{B8EBA9AE-59C0-4E63-AD7D-95DD4A80130C} = {34070C68-82F3-4D0D-9F6B-B3A79A0DA944}
		{7CE596F5-DBBF-43D5-BB57-F1869F567382} = {91B21EDC-2EC1-427C-BFBB-D5F41FBFBA3C}
		{31DA6516-471F-4C9F-9134-13AEB4C53AA5} = {91B21EDC-2EC1-427C-BFBB-D5F41FBFBA3C}
		{4B2493BD-2225-471A-8793-408BB1BE8E36} = {91B21EDC-2EC1-427C-BFBB-D5F41FBFBA3C}
		{0F51A5C1-F8F6-4F81-9673-9336D3D324A3} = {91B21EDC-2EC1-427C-BFBB-D5F41FBFBA3C}
		{87FEEA4A-B80C-424A-80E4-1231FD89190B} = {91B21EDC-2EC1-427C-BFBB-D5F41FBFBA3C}
		{925AD494-9DE3-4D92-9CA4-7852F4DC712D} = {91B21EDC-2EC1-427C-BFBB-D5F41FBFBA3C}
		{B869C03C-4918-4A73-B26F-D5E2EF793145} = {91B21EDC-2EC1-427C-BFBB-D5F41FBFBA3C}
	EndGlobalSection
	GlobalSection(ExtensibilityGlobals) = postSolution
		SolutionGuid = {B743AB7F-86A3-4BD1-AF12-76EA20341B49}
	EndGlobalSection
EndGlobal
