
Microsoft Visual Studio Solution File, Format Version 12.00
# Visual Studio Version 16
VisualStudioVersion = 16.0.30523.141
MinimumVisualStudioVersion = 10.0.40219.1
Project("{9A19103F-16F7-4668-BE54-9A1E7A4F7556}") = "FactoryMethod", "CreationalPatterns\FactoryMethod\FactoryMethod.csproj", "{0CA217EA-537C-4F05-8CEC-8C0304F66751}"
EndProject
Project("{2150E333-8FDC-42A3-9474-1A3956D46DE8}") = "CreationalPatterns", "CreationalPatterns", "{34070C68-82F3-4D0D-9F6B-B3A79A0DA944}"
EndProject
Project("{2150E333-8FDC-42A3-9474-1A3956D46DE8}") = "Solution Items", "Solution Items", "{6AAFFA68-6C30-412D-BE07-5340A18670FE}"
	ProjectSection(SolutionItems) = preProject
		.gitignore = .gitignore
	EndProjectSection
EndProject
Project("{9A19103F-16F7-4668-BE54-9A1E7A4F7556}") = "AbstractFactory", "CreationalPatterns\AbstractFactory\AbstractFactory.csproj", "{5B9026E4-BE9E-42E3-AD55-FD724984D615}"
EndProject
Project("{9A19103F-16F7-4668-BE54-9A1E7A4F7556}") = "Builder", "CreationalPatterns\Builder\Builder.csproj", "{17161C74-A503-4623-A56F-7BBD87065EF9}"
EndProject
Project("{FAE04EC0-301F-11D3-BF4B-00C04F79EFBC}") = "Prototype", "CreationalPatterns\Prototype\Prototype.csproj", "{9D6A68C3-DDFF-4FBC-B7E1-F31BE60FF327}"
EndProject
Global
	GlobalSection(SolutionConfigurationPlatforms) = preSolution
		Debug|Any CPU = Debug|Any CPU
		Release|Any CPU = Release|Any CPU
	EndGlobalSection
	GlobalSection(ProjectConfigurationPlatforms) = postSolution
		{0CA217EA-537C-4F05-8CEC-8C0304F66751}.Debug|Any CPU.ActiveCfg = Debug|Any CPU
		{0CA217EA-537C-4F05-8CEC-8C0304F66751}.Debug|Any CPU.Build.0 = Debug|Any CPU
		{0CA217EA-537C-4F05-8CEC-8C0304F66751}.Release|Any CPU.ActiveCfg = Release|Any CPU
		{0CA217EA-537C-4F05-8CEC-8C0304F66751}.Release|Any CPU.Build.0 = Release|Any CPU
		{5B9026E4-BE9E-42E3-AD55-FD724984D615}.Debug|Any CPU.ActiveCfg = Debug|Any CPU
		{5B9026E4-BE9E-42E3-AD55-FD724984D615}.Debug|Any CPU.Build.0 = Debug|Any CPU
		{5B9026E4-BE9E-42E3-AD55-FD724984D615}.Release|Any CPU.ActiveCfg = Release|Any CPU
		{5B9026E4-BE9E-42E3-AD55-FD724984D615}.Release|Any CPU.Build.0 = Release|Any CPU
		{17161C74-A503-4623-A56F-7BBD87065EF9}.Debug|Any CPU.ActiveCfg = Debug|Any CPU
		{17161C74-A503-4623-A56F-7BBD87065EF9}.Debug|Any CPU.Build.0 = Debug|Any CPU
		{17161C74-A503-4623-A56F-7BBD87065EF9}.Release|Any CPU.ActiveCfg = Release|Any CPU
		{17161C74-A503-4623-A56F-7BBD87065EF9}.Release|Any CPU.Build.0 = Release|Any CPU
		{9D6A68C3-DDFF-4FBC-B7E1-F31BE60FF327}.Debug|Any CPU.ActiveCfg = Debug|Any CPU
		{9D6A68C3-DDFF-4FBC-B7E1-F31BE60FF327}.Debug|Any CPU.Build.0 = Debug|Any CPU
		{9D6A68C3-DDFF-4FBC-B7E1-F31BE60FF327}.Release|Any CPU.ActiveCfg = Release|Any CPU
		{9D6A68C3-DDFF-4FBC-B7E1-F31BE60FF327}.Release|Any CPU.Build.0 = Release|Any CPU
	EndGlobalSection
	GlobalSection(SolutionProperties) = preSolution
		HideSolutionNode = FALSE
	EndGlobalSection
	GlobalSection(NestedProjects) = preSolution
		{0CA217EA-537C-4F05-8CEC-8C0304F66751} = {34070C68-82F3-4D0D-9F6B-B3A79A0DA944}
		{5B9026E4-BE9E-42E3-AD55-FD724984D615} = {34070C68-82F3-4D0D-9F6B-B3A79A0DA944}
		{17161C74-A503-4623-A56F-7BBD87065EF9} = {34070C68-82F3-4D0D-9F6B-B3A79A0DA944}
		{9D6A68C3-DDFF-4FBC-B7E1-F31BE60FF327} = {34070C68-82F3-4D0D-9F6B-B3A79A0DA944}
	EndGlobalSection
	GlobalSection(ExtensibilityGlobals) = postSolution
		SolutionGuid = {B743AB7F-86A3-4BD1-AF12-76EA20341B49}
	EndGlobalSection
EndGlobal
